
Microsoft Visual Studio Solution File, Format Version 12.00
# Visual Studio 14
VisualStudioVersion = 14.0.25123.0
MinimumVisualStudioVersion = 10.0.40219.1
Project("{FAE04EC0-301F-11D3-BF4B-00C04F79EFBC}") = "FileWatchingService", "FilleWatchingService\FileWatchingService.csproj", "{186243F1-A2FA-49BC-90B8-0DCFB60DD5D3}"
EndProject
Project("{54435603-DBB4-11D2-8724-00A0C9A8B90C}") = "FileWatcherSetup", "FileWatcherSetup\FileWatcherSetup.vdproj", "{81353225-5B97-4FA3-9CD6-59EC434417ED}"
EndProject
Global
	GlobalSection(SolutionConfigurationPlatforms) = preSolution
		Debug|Any CPU = Debug|Any CPU
		Release|Any CPU = Release|Any CPU
	EndGlobalSection
	GlobalSection(ProjectConfigurationPlatforms) = postSolution
		{186243F1-A2FA-49BC-90B8-0DCFB60DD5D3}.Debug|Any CPU.ActiveCfg = Debug|Any CPU
		{186243F1-A2FA-49BC-90B8-0DCFB60DD5D3}.Debug|Any CPU.Build.0 = Debug|Any CPU
		{186243F1-A2FA-49BC-90B8-0DCFB60DD5D3}.Release|Any CPU.ActiveCfg = Release|Any CPU
		{186243F1-A2FA-49BC-90B8-0DCFB60DD5D3}.Release|Any CPU.Build.0 = Release|Any CPU
		{81353225-5B97-4FA3-9CD6-59EC434417ED}.Debug|Any CPU.ActiveCfg = Debug
		{81353225-5B97-4FA3-9CD6-59EC434417ED}.Release|Any CPU.ActiveCfg = Release
	EndGlobalSection
	GlobalSection(SolutionProperties) = preSolution
		HideSolutionNode = FALSE
	EndGlobalSection
EndGlobal
